
Microsoft Visual Studio Solution File, Format Version 12.00
# Visual Studio Express 2012 for Windows Desktop
Project("{FAE04EC0-301F-11D3-BF4B-00C04F79EFBC}") = "K19_K31_Cap2_Logica", "K19_K31_Cap2_Logica\K19_K31_Cap2_Logica.csproj", "{CEEFDE30-BE64-4785-A59B-FB6A43402119}"
EndProject
Global
	GlobalSection(SolutionConfigurationPlatforms) = preSolution
		Debug|Any CPU = Debug|Any CPU
		Release|Any CPU = Release|Any CPU
	EndGlobalSection
	GlobalSection(ProjectConfigurationPlatforms) = postSolution
		{CEEFDE30-BE64-4785-A59B-FB6A43402119}.Debug|Any CPU.ActiveCfg = Debug|Any CPU
		{CEEFDE30-BE64-4785-A59B-FB6A43402119}.Debug|Any CPU.Build.0 = Debug|Any CPU
		{CEEFDE30-BE64-4785-A59B-FB6A43402119}.Release|Any CPU.ActiveCfg = Release|Any CPU
		{CEEFDE30-BE64-4785-A59B-FB6A43402119}.Release|Any CPU.Build.0 = Release|Any CPU
	EndGlobalSection
	GlobalSection(SolutionProperties) = preSolution
		HideSolutionNode = FALSE
	EndGlobalSection
EndGlobal
