
Microsoft Visual Studio Solution File, Format Version 12.00
# Visual Studio Express 2012 for Web
Project("{FAE04EC0-301F-11D3-BF4B-00C04F79EFBC}") = "K19_K32_Cap5_K19", "K19_K32_Cap5_K19\K19_K32_Cap5_K19.csproj", "{FB13B396-E6AE-4C11-A81A-97BAB2517966}"
EndProject
Global
	GlobalSection(SolutionConfigurationPlatforms) = preSolution
		Debug|Any CPU = Debug|Any CPU
		Release|Any CPU = Release|Any CPU
	EndGlobalSection
	GlobalSection(ProjectConfigurationPlatforms) = postSolution
		{FB13B396-E6AE-4C11-A81A-97BAB2517966}.Debug|Any CPU.ActiveCfg = Debug|Any CPU
		{FB13B396-E6AE-4C11-A81A-97BAB2517966}.Debug|Any CPU.Build.0 = Debug|Any CPU
		{FB13B396-E6AE-4C11-A81A-97BAB2517966}.Release|Any CPU.ActiveCfg = Release|Any CPU
		{FB13B396-E6AE-4C11-A81A-97BAB2517966}.Release|Any CPU.Build.0 = Release|Any CPU
	EndGlobalSection
	GlobalSection(SolutionProperties) = preSolution
		HideSolutionNode = FALSE
	EndGlobalSection
EndGlobal
