
Microsoft Visual Studio Solution File, Format Version 12.00
# Visual Studio Express 2012 for Windows Desktop
Project("{FAE04EC0-301F-11D3-BF4B-00C04F79EFBC}") = "K19_K31_Cap3_Orientacao-a-objetos", "K19_K31_Cap3_Orientacao-a-objetos\K19_K31_Cap3_Orientacao-a-objetos.csproj", "{6EEE0749-C2D2-41D8-8F83-7C064F89138E}"
EndProject
Global
	GlobalSection(SolutionConfigurationPlatforms) = preSolution
		Debug|Any CPU = Debug|Any CPU
		Release|Any CPU = Release|Any CPU
	EndGlobalSection
	GlobalSection(ProjectConfigurationPlatforms) = postSolution
		{6EEE0749-C2D2-41D8-8F83-7C064F89138E}.Debug|Any CPU.ActiveCfg = Debug|Any CPU
		{6EEE0749-C2D2-41D8-8F83-7C064F89138E}.Debug|Any CPU.Build.0 = Debug|Any CPU
		{6EEE0749-C2D2-41D8-8F83-7C064F89138E}.Release|Any CPU.ActiveCfg = Release|Any CPU
		{6EEE0749-C2D2-41D8-8F83-7C064F89138E}.Release|Any CPU.Build.0 = Release|Any CPU
	EndGlobalSection
	GlobalSection(SolutionProperties) = preSolution
		HideSolutionNode = FALSE
	EndGlobalSection
EndGlobal
